
Microsoft Visual Studio Solution File, Format Version 12.00
# Visual Studio Version 16
VisualStudioVersion = 16.0.31613.86
MinimumVisualStudioVersion = 10.0.40219.1
Project("{FAE04EC0-301F-11D3-BF4B-00C04F79EFBC}") = "SalesWebMVC", "SalesWebMVC\SalesWebMVC.csproj", "{D5A49207-5E44-47A9-991A-4B4169B3DE55}"
EndProject
Global
	GlobalSection(SolutionConfigurationPlatforms) = preSolution
		Debug|Any CPU = Debug|Any CPU
		Release|Any CPU = Release|Any CPU
	EndGlobalSection
	GlobalSection(ProjectConfigurationPlatforms) = postSolution
		{D5A49207-5E44-47A9-991A-4B4169B3DE55}.Debug|Any CPU.ActiveCfg = Debug|Any CPU
		{D5A49207-5E44-47A9-991A-4B4169B3DE55}.Debug|Any CPU.Build.0 = Debug|Any CPU
		{D5A49207-5E44-47A9-991A-4B4169B3DE55}.Release|Any CPU.ActiveCfg = Release|Any CPU
		{D5A49207-5E44-47A9-991A-4B4169B3DE55}.Release|Any CPU.Build.0 = Release|Any CPU
	EndGlobalSection
	GlobalSection(SolutionProperties) = preSolution
		HideSolutionNode = FALSE
	EndGlobalSection
	GlobalSection(ExtensibilityGlobals) = postSolution
		SolutionGuid = {ED2DB40D-E480-43DD-87B1-B1DAA667E35F}
	EndGlobalSection
EndGlobal
